
Microsoft Visual Studio Solution File, Format Version 12.00
# Visual Studio Version 16
VisualStudioVersion = 16.0.29806.167
MinimumVisualStudioVersion = 10.0.40219.1
Project("{FAE04EC0-301F-11D3-BF4B-00C04F79EFBC}") = "WritingPad", "WritingPad\WritingPad.csproj", "{FE84E256-0425-445D-8AC8-C64797AAEBD9}"
EndProject
Global
	GlobalSection(SolutionConfigurationPlatforms) = preSolution
		Debug|Any CPU = Debug|Any CPU
		Release|Any CPU = Release|Any CPU
	EndGlobalSection
	GlobalSection(ProjectConfigurationPlatforms) = postSolution
		{FE84E256-0425-445D-8AC8-C64797AAEBD9}.Debug|Any CPU.ActiveCfg = Debug|Any CPU
		{FE84E256-0425-445D-8AC8-C64797AAEBD9}.Debug|Any CPU.Build.0 = Debug|Any CPU
		{FE84E256-0425-445D-8AC8-C64797AAEBD9}.Release|Any CPU.ActiveCfg = Release|Any CPU
		{FE84E256-0425-445D-8AC8-C64797AAEBD9}.Release|Any CPU.Build.0 = Release|Any CPU
	EndGlobalSection
	GlobalSection(SolutionProperties) = preSolution
		HideSolutionNode = FALSE
	EndGlobalSection
	GlobalSection(ExtensibilityGlobals) = postSolution
		SolutionGuid = {0B66EA19-C1BE-4B47-8CB0-D01836EED50F}
	EndGlobalSection
EndGlobal
